
Microsoft Visual Studio Solution File, Format Version 12.00
# Visual Studio Version 17
VisualStudioVersion = 17.8.34322.80
MinimumVisualStudioVersion = 10.0.40219.1
Project("{C9674DCB-5085-4A16-B785-4C70DD1589BD}") = "SsisSchema", "Schema\SsisSchema.dtproj", "{48F2FB0E-D81F-46A8-8980-4DED487C1B6D}"
EndProject
Project("{F14B399A-7131-4C87-9E4B-1186C45EF12D}") = "SsrsSchema", "SsrsSchema\SsrsSchema.rptproj", "{5CC2BEE8-AF36-411A-AF61-0658E65EA4F6}"
EndProject
Project("{2150E333-8FDC-42A3-9474-1A3956D46DE8}") = "DataProfile", "DataProfile", "{C0DAB5F9-A426-4AF6-BAF8-6AC79F06E84E}"
	ProjectSection(SolutionItems) = preProject
		..\..\..\OneDrive\Desktop\COURSES\MSBI\lab4\Profilling Data.csv = ..\..\..\OneDrive\Desktop\COURSES\MSBI\lab4\Profilling Data.csv
	EndProjectSection
EndProject
Project("{D2ABAB84-BF74-430A-B69E-9DC6D40DDA17}") = "SsasSchema1", "SsasSchema1\SsasSchema1.dwproj", "{F33EB82B-1CD9-4FCC-A221-4CA74E16D164}"
EndProject
Project("{6870E480-7721-4708-BFB8-9AE898AA21B3}") = "SsasTabular", "SsasTabular\SsasTabular.smproj", "{8CE414BB-95B2-4C99-9E03-51BA72086E22}"
EndProject
Global
	GlobalSection(SolutionConfigurationPlatforms) = preSolution
		Debug|x86 = Debug|x86
		DebugLocal|x86 = DebugLocal|x86
		Development|x86 = Development|x86
		Release|x86 = Release|x86
	EndGlobalSection
	GlobalSection(ProjectConfigurationPlatforms) = postSolution
		{48F2FB0E-D81F-46A8-8980-4DED487C1B6D}.Debug|x86.ActiveCfg = Development
		{48F2FB0E-D81F-46A8-8980-4DED487C1B6D}.Debug|x86.Build.0 = Development
		{48F2FB0E-D81F-46A8-8980-4DED487C1B6D}.DebugLocal|x86.ActiveCfg = Development
		{48F2FB0E-D81F-46A8-8980-4DED487C1B6D}.DebugLocal|x86.Build.0 = Development
		{48F2FB0E-D81F-46A8-8980-4DED487C1B6D}.Development|x86.ActiveCfg = Development
		{48F2FB0E-D81F-46A8-8980-4DED487C1B6D}.Development|x86.Build.0 = Development
		{48F2FB0E-D81F-46A8-8980-4DED487C1B6D}.Release|x86.ActiveCfg = Development
		{48F2FB0E-D81F-46A8-8980-4DED487C1B6D}.Release|x86.Build.0 = Development
		{5CC2BEE8-AF36-411A-AF61-0658E65EA4F6}.Debug|x86.ActiveCfg = Debug
		{5CC2BEE8-AF36-411A-AF61-0658E65EA4F6}.Debug|x86.Build.0 = Debug
		{5CC2BEE8-AF36-411A-AF61-0658E65EA4F6}.Debug|x86.Deploy.0 = Debug
		{5CC2BEE8-AF36-411A-AF61-0658E65EA4F6}.DebugLocal|x86.ActiveCfg = DebugLocal
		{5CC2BEE8-AF36-411A-AF61-0658E65EA4F6}.DebugLocal|x86.Build.0 = DebugLocal
		{5CC2BEE8-AF36-411A-AF61-0658E65EA4F6}.DebugLocal|x86.Deploy.0 = DebugLocal
		{5CC2BEE8-AF36-411A-AF61-0658E65EA4F6}.Development|x86.ActiveCfg = 
		{5CC2BEE8-AF36-411A-AF61-0658E65EA4F6}.Development|x86.Build.0 = 
		{5CC2BEE8-AF36-411A-AF61-0658E65EA4F6}.Development|x86.Deploy.0 = 
		{5CC2BEE8-AF36-411A-AF61-0658E65EA4F6}.Release|x86.ActiveCfg = Release
		{5CC2BEE8-AF36-411A-AF61-0658E65EA4F6}.Release|x86.Build.0 = Release
		{5CC2BEE8-AF36-411A-AF61-0658E65EA4F6}.Release|x86.Deploy.0 = Release
		{F33EB82B-1CD9-4FCC-A221-4CA74E16D164}.Debug|x86.ActiveCfg = Development
		{F33EB82B-1CD9-4FCC-A221-4CA74E16D164}.Debug|x86.Build.0 = Development
		{F33EB82B-1CD9-4FCC-A221-4CA74E16D164}.Debug|x86.Deploy.0 = Development
		{F33EB82B-1CD9-4FCC-A221-4CA74E16D164}.DebugLocal|x86.ActiveCfg = Development
		{F33EB82B-1CD9-4FCC-A221-4CA74E16D164}.DebugLocal|x86.Build.0 = Development
		{F33EB82B-1CD9-4FCC-A221-4CA74E16D164}.DebugLocal|x86.Deploy.0 = Development
		{F33EB82B-1CD9-4FCC-A221-4CA74E16D164}.Development|x86.ActiveCfg = Development
		{F33EB82B-1CD9-4FCC-A221-4CA74E16D164}.Development|x86.Build.0 = Development
		{F33EB82B-1CD9-4FCC-A221-4CA74E16D164}.Development|x86.Deploy.0 = Development
		{F33EB82B-1CD9-4FCC-A221-4CA74E16D164}.Release|x86.ActiveCfg = Development
		{F33EB82B-1CD9-4FCC-A221-4CA74E16D164}.Release|x86.Build.0 = Development
		{F33EB82B-1CD9-4FCC-A221-4CA74E16D164}.Release|x86.Deploy.0 = Development
		{8CE414BB-95B2-4C99-9E03-51BA72086E22}.Debug|x86.ActiveCfg = Development|x86
		{8CE414BB-95B2-4C99-9E03-51BA72086E22}.Debug|x86.Build.0 = Development|x86
		{8CE414BB-95B2-4C99-9E03-51BA72086E22}.Debug|x86.Deploy.0 = Development|x86
		{8CE414BB-95B2-4C99-9E03-51BA72086E22}.DebugLocal|x86.ActiveCfg = Development|x86
		{8CE414BB-95B2-4C99-9E03-51BA72086E22}.DebugLocal|x86.Build.0 = Development|x86
		{8CE414BB-95B2-4C99-9E03-51BA72086E22}.DebugLocal|x86.Deploy.0 = Development|x86
		{8CE414BB-95B2-4C99-9E03-51BA72086E22}.Development|x86.ActiveCfg = Development|x86
		{8CE414BB-95B2-4C99-9E03-51BA72086E22}.Development|x86.Build.0 = Development|x86
		{8CE414BB-95B2-4C99-9E03-51BA72086E22}.Development|x86.Deploy.0 = Development|x86
		{8CE414BB-95B2-4C99-9E03-51BA72086E22}.Release|x86.ActiveCfg = Development|x86
		{8CE414BB-95B2-4C99-9E03-51BA72086E22}.Release|x86.Build.0 = Development|x86
		{8CE414BB-95B2-4C99-9E03-51BA72086E22}.Release|x86.Deploy.0 = Development|x86
	EndGlobalSection
	GlobalSection(SolutionProperties) = preSolution
		HideSolutionNode = FALSE
	EndGlobalSection
	GlobalSection(ExtensibilityGlobals) = postSolution
		SolutionGuid = {AFC3B421-61AE-42EC-80A9-77D80CAC22C1}
	EndGlobalSection
EndGlobal
